Microsoft Visual Studio Solution File, Format Version 11.00
# Visual Studio 2008

Project("{0BB543AA-16A4-20C5-A7F6-6DA071CCE155}") = "Atlantida", "Assembly-CSharp-firstpass.csproj", "{CADE2409-EA4E-4AAE-9635-C0969A93845D}"
EndProject
Project("{0BB543AA-16A4-20C5-A7F6-6DA071CCE155}") = "Atlantida", "Assembly-CSharp.csproj", "{B3D76C55-7460-0811-863A-FE689789B340}"
EndProject
Project("{0BB543AA-16A4-20C5-A7F6-6DA071CCE155}") = "Atlantida", "Assembly-CSharp-Editor.csproj", "{279D4E22-398D-083D-1796-BE70BC9434E1}"
EndProject
Project("{0BB543AA-16A4-20C5-A7F6-6DA071CCE155}") = "Atlantida", "Assembly-UnityScript-firstpass.unityproj", "{2C10A5A7-589E-3EC3-777C-0019D6155DDD}"
EndProject
Project("{0BB543AA-16A4-20C5-A7F6-6DA071CCE155}") = "Atlantida", "Assembly-UnityScript.unityproj", "{931F07BB-3636-026D-B15B-153B6220E223}"
EndProject
Project("{0BB543AA-16A4-20C5-A7F6-6DA071CCE155}") = "Atlantida", "Assembly-UnityScript-Editor.unityproj", "{52A22A48-3C9C-7115-6DDA-1861DCFD7FA6}"
EndProject
Global
	GlobalSection(SolutionConfigurationPlatforms) = preSolution
		Debug|Any CPU = Debug|Any CPU
		Release|Any CPU = Release|Any CPU
	EndGlobalSection
	GlobalSection(ProjectConfigurationPlatforms) = postSolution
		{CADE2409-EA4E-4AAE-9635-C0969A93845D}.Debug|Any CPU.ActiveCfg = Debug|Any CPU
		{CADE2409-EA4E-4AAE-9635-C0969A93845D}.Debug|Any CPU.Build.0 = Debug|Any CPU
		{CADE2409-EA4E-4AAE-9635-C0969A93845D}.Release|Any CPU.ActiveCfg = Release|Any CPU
		{CADE2409-EA4E-4AAE-9635-C0969A93845D}.Release|Any CPU.Build.0 = Release|Any CPU
		{B3D76C55-7460-0811-863A-FE689789B340}.Debug|Any CPU.ActiveCfg = Debug|Any CPU
		{B3D76C55-7460-0811-863A-FE689789B340}.Debug|Any CPU.Build.0 = Debug|Any CPU
		{B3D76C55-7460-0811-863A-FE689789B340}.Release|Any CPU.ActiveCfg = Release|Any CPU
		{B3D76C55-7460-0811-863A-FE689789B340}.Release|Any CPU.Build.0 = Release|Any CPU
		{279D4E22-398D-083D-1796-BE70BC9434E1}.Debug|Any CPU.ActiveCfg = Debug|Any CPU
		{279D4E22-398D-083D-1796-BE70BC9434E1}.Debug|Any CPU.Build.0 = Debug|Any CPU
		{279D4E22-398D-083D-1796-BE70BC9434E1}.Release|Any CPU.ActiveCfg = Release|Any CPU
		{279D4E22-398D-083D-1796-BE70BC9434E1}.Release|Any CPU.Build.0 = Release|Any CPU
		{2C10A5A7-589E-3EC3-777C-0019D6155DDD}.Debug|Any CPU.ActiveCfg = Debug|Any CPU
		{2C10A5A7-589E-3EC3-777C-0019D6155DDD}.Debug|Any CPU.Build.0 = Debug|Any CPU
		{2C10A5A7-589E-3EC3-777C-0019D6155DDD}.Release|Any CPU.ActiveCfg = Release|Any CPU
		{2C10A5A7-589E-3EC3-777C-0019D6155DDD}.Release|Any CPU.Build.0 = Release|Any CPU
		{931F07BB-3636-026D-B15B-153B6220E223}.Debug|Any CPU.ActiveCfg = Debug|Any CPU
		{931F07BB-3636-026D-B15B-153B6220E223}.Debug|Any CPU.Build.0 = Debug|Any CPU
		{931F07BB-3636-026D-B15B-153B6220E223}.Release|Any CPU.ActiveCfg = Release|Any CPU
		{931F07BB-3636-026D-B15B-153B6220E223}.Release|Any CPU.Build.0 = Release|Any CPU
		{52A22A48-3C9C-7115-6DDA-1861DCFD7FA6}.Debug|Any CPU.ActiveCfg = Debug|Any CPU
		{52A22A48-3C9C-7115-6DDA-1861DCFD7FA6}.Debug|Any CPU.Build.0 = Debug|Any CPU
		{52A22A48-3C9C-7115-6DDA-1861DCFD7FA6}.Release|Any CPU.ActiveCfg = Release|Any CPU
		{52A22A48-3C9C-7115-6DDA-1861DCFD7FA6}.Release|Any CPU.Build.0 = Release|Any CPU
	EndGlobalSection
	GlobalSection(SolutionProperties) = preSolution
		HideSolutionNode = FALSE
	EndGlobalSection
																																																												GlobalSection(MonoDevelopProperties) = preSolution
		StartupItem = Assembly-CSharp.csproj
		Policies = $0
		$0.TextStylePolicy = $1
		$1.inheritsSet = null
		$1.scope = text/x-csharp
		$0.CSharpFormattingPolicy = $2
		$2.inheritsSet = Mono
		$2.inheritsScope = text/x-csharp
		$2.scope = text/x-csharp
		$0.TextStylePolicy = $3
		$3.FileWidth = 120
		$3.TabWidth = 4
		$3.EolMarker = Unix
		$3.inheritsSet = Mono
		$3.inheritsScope = text/plain
		$3.scope = text/plain
	EndGlobalSection

EndGlobal
